
Microsoft Visual Studio Solution File, Format Version 12.00
# Visual Studio 2013
VisualStudioVersion = 12.0.21005.1
MinimumVisualStudioVersion = 10.0.40219.1
Project("{FAE04EC0-301F-11D3-BF4B-00C04F79EFBC}") = "Projecteuler", "Projecteuler.csproj", "{86AB0177-DBE7-4A7C-8120-1787856E016E}"
EndProject
Project("{FAE04EC0-301F-11D3-BF4B-00C04F79EFBC}") = "Euler", "..\Euler\Euler.csproj", "{C0F00649-E64B-429E-ABEC-D77C773FF68D}"
EndProject
Project("{FAE04EC0-301F-11D3-BF4B-00C04F79EFBC}") = "EulerTest", "..\EulerTest\EulerTest.csproj", "{C60F7026-6BC3-4D04-8E98-24FBC54DF680}"
EndProject
Project("{FAE04EC0-301F-11D3-BF4B-00C04F79EFBC}") = "Euler.Logic", "Euler.Logic\Euler.Logic.csproj", "{DAF1F153-8E7B-4C9F-A7AC-E95B87505165}"
EndProject
Global
	GlobalSection(SolutionConfigurationPlatforms) = preSolution
		Debug|Any CPU = Debug|Any CPU
		Release|Any CPU = Release|Any CPU
	EndGlobalSection
	GlobalSection(ProjectConfigurationPlatforms) = postSolution
		{86AB0177-DBE7-4A7C-8120-1787856E016E}.Debug|Any CPU.ActiveCfg = Debug|Any CPU
		{86AB0177-DBE7-4A7C-8120-1787856E016E}.Debug|Any CPU.Build.0 = Debug|Any CPU
		{86AB0177-DBE7-4A7C-8120-1787856E016E}.Release|Any CPU.ActiveCfg = Release|Any CPU
		{86AB0177-DBE7-4A7C-8120-1787856E016E}.Release|Any CPU.Build.0 = Release|Any CPU
		{C0F00649-E64B-429E-ABEC-D77C773FF68D}.Debug|Any CPU.ActiveCfg = Debug|Any CPU
		{C0F00649-E64B-429E-ABEC-D77C773FF68D}.Debug|Any CPU.Build.0 = Debug|Any CPU
		{C0F00649-E64B-429E-ABEC-D77C773FF68D}.Release|Any CPU.ActiveCfg = Release|Any CPU
		{C0F00649-E64B-429E-ABEC-D77C773FF68D}.Release|Any CPU.Build.0 = Release|Any CPU
		{C60F7026-6BC3-4D04-8E98-24FBC54DF680}.Debug|Any CPU.ActiveCfg = Debug|Any CPU
		{C60F7026-6BC3-4D04-8E98-24FBC54DF680}.Debug|Any CPU.Build.0 = Debug|Any CPU
		{C60F7026-6BC3-4D04-8E98-24FBC54DF680}.Release|Any CPU.ActiveCfg = Release|Any CPU
		{C60F7026-6BC3-4D04-8E98-24FBC54DF680}.Release|Any CPU.Build.0 = Release|Any CPU
		{DAF1F153-8E7B-4C9F-A7AC-E95B87505165}.Debug|Any CPU.ActiveCfg = Debug|Any CPU
		{DAF1F153-8E7B-4C9F-A7AC-E95B87505165}.Debug|Any CPU.Build.0 = Debug|Any CPU
		{DAF1F153-8E7B-4C9F-A7AC-E95B87505165}.Release|Any CPU.ActiveCfg = Release|Any CPU
		{DAF1F153-8E7B-4C9F-A7AC-E95B87505165}.Release|Any CPU.Build.0 = Release|Any CPU
	EndGlobalSection
	GlobalSection(SolutionProperties) = preSolution
		HideSolutionNode = FALSE
	EndGlobalSection
EndGlobal
